
Microsoft Visual Studio Solution File, Format Version 12.00
# Visual Studio Version 17
VisualStudioVersion = 17.9.34723.18
MinimumVisualStudioVersion = 10.0.40219.1
Project("{FAE04EC0-301F-11D3-BF4B-00C04F79EFBC}") = "AdventureMode", "AdventureMode.csproj", "{BB6A9447-5811-4B80-BA09-E9ABAC6A2FD0}"
EndProject
Global
	GlobalSection(SolutionConfigurationPlatforms) = preSolution
		Debug|Any CPU = Debug|Any CPU
		Release|Any CPU = Release|Any CPU
	EndGlobalSection
	GlobalSection(ProjectConfigurationPlatforms) = postSolution
		{BB6A9447-5811-4B80-BA09-E9ABAC6A2FD0}.Debug|Any CPU.ActiveCfg = Debug|Any CPU
		{BB6A9447-5811-4B80-BA09-E9ABAC6A2FD0}.Debug|Any CPU.Build.0 = Debug|Any CPU
		{BB6A9447-5811-4B80-BA09-E9ABAC6A2FD0}.Release|Any CPU.ActiveCfg = Release|Any CPU
		{BB6A9447-5811-4B80-BA09-E9ABAC6A2FD0}.Release|Any CPU.Build.0 = Release|Any CPU
	EndGlobalSection
	GlobalSection(SolutionProperties) = preSolution
		HideSolutionNode = FALSE
	EndGlobalSection
	GlobalSection(ExtensibilityGlobals) = postSolution
		SolutionGuid = {94AC92D1-3DC7-4313-8E70-A3997129EB21}
	EndGlobalSection
EndGlobal
